
Microsoft Visual Studio Solution File, Format Version 12.00
Project("{FAE04EC0-301F-11D3-BF4B-00C04F79EFBC}") = "IncrementalLib", "IncrementalLib.csproj", "{9AD29783-3AE1-4DA6-AC98-4BA3AFE493AD}"
EndProject
Global
	GlobalSection(SolutionConfigurationPlatforms) = preSolution
		Debug|Any CPU = Debug|Any CPU
		Release|Any CPU = Release|Any CPU
	EndGlobalSection
	GlobalSection(ProjectConfigurationPlatforms) = postSolution
		{9AD29783-3AE1-4DA6-AC98-4BA3AFE493AD}.Debug|Any CPU.ActiveCfg = Debug|Any CPU
		{9AD29783-3AE1-4DA6-AC98-4BA3AFE493AD}.Debug|Any CPU.Build.0 = Debug|Any CPU
		{9AD29783-3AE1-4DA6-AC98-4BA3AFE493AD}.Release|Any CPU.ActiveCfg = Release|Any CPU
		{9AD29783-3AE1-4DA6-AC98-4BA3AFE493AD}.Release|Any CPU.Build.0 = Release|Any CPU
	EndGlobalSection
EndGlobal
